Microsoft Visual Studio Solution File, Format Version 12.00
# Visual Studio Version 17
VisualStudioVersion = 17.8.0.0
MinimumVisualStudioVersion = 17.8.0.0
Project("{9A19103F-16F7-4668-BE54-9A1E7A4F7556}") = "AspireIoT.EdgeGateWays.AppHost", "AspireIoT.EdgeGateWays.AppHost\AspireIoT.EdgeGateWays.AppHost.csproj", "{4D054A04-1225-4DF8-A672-1C21E53F0C28}"
EndProject
Project("{9A19103F-16F7-4668-BE54-9A1E7A4F7556}") = "AspireIoT.EdgeGateWays.ServiceDefaults", "AspireIoT.EdgeGateWays.ServiceDefaults\AspireIoT.EdgeGateWays.ServiceDefaults.csproj", "{4228962C-BD74-4ED2-A12D-493586FD6973}"
EndProject
Project("{9A19103F-16F7-4668-BE54-9A1E7A4F7556}") = "AspireIoT.EdgeGateWays.ApiService", "AspireIoT.EdgeGateWays.ApiService\AspireIoT.EdgeGateWays.ApiService.csproj", "{77785579-A51A-4DBC-8113-56B001D96DC5}"
EndProject
Project("{9A19103F-16F7-4668-BE54-9A1E7A4F7556}") = "AspireIoT.EdgeGateWays.Web", "AspireIoT.EdgeGateWays.Web\AspireIoT.EdgeGateWays.Web.csproj", "{DD17AB12-420F-4EAB-8E39-5BB9520A082F}"
EndProject
Global
	GlobalSection(SolutionConfigurationPlatforms) = preSolution
		Debug|Any CPU = Debug|Any CPU
		Release|Any CPU = Release|Any CPU
	EndGlobalSection
	GlobalSection(ProjectConfigurationPlatforms) = postSolution
		{4D054A04-1225-4DF8-A672-1C21E53F0C28}.Debug|Any CPU.ActiveCfg = Debug|Any CPU
		{4D054A04-1225-4DF8-A672-1C21E53F0C28}.Debug|Any CPU.Build.0 = Debug|Any CPU
		{4D054A04-1225-4DF8-A672-1C21E53F0C28}.Release|Any CPU.ActiveCfg = Release|Any CPU
		{4D054A04-1225-4DF8-A672-1C21E53F0C28}.Release|Any CPU.Build.0 = Release|Any CPU
		{4228962C-BD74-4ED2-A12D-493586FD6973}.Debug|Any CPU.ActiveCfg = Debug|Any CPU
		{4228962C-BD74-4ED2-A12D-493586FD6973}.Debug|Any CPU.Build.0 = Debug|Any CPU
		{4228962C-BD74-4ED2-A12D-493586FD6973}.Release|Any CPU.ActiveCfg = Release|Any CPU
		{4228962C-BD74-4ED2-A12D-493586FD6973}.Release|Any CPU.Build.0 = Release|Any CPU
		{77785579-A51A-4DBC-8113-56B001D96DC5}.Debug|Any CPU.ActiveCfg = Debug|Any CPU
		{77785579-A51A-4DBC-8113-56B001D96DC5}.Debug|Any CPU.Build.0 = Debug|Any CPU
		{77785579-A51A-4DBC-8113-56B001D96DC5}.Release|Any CPU.ActiveCfg = Release|Any CPU
		{77785579-A51A-4DBC-8113-56B001D96DC5}.Release|Any CPU.Build.0 = Release|Any CPU
		{DD17AB12-420F-4EAB-8E39-5BB9520A082F}.Debug|Any CPU.ActiveCfg = Debug|Any CPU
		{DD17AB12-420F-4EAB-8E39-5BB9520A082F}.Debug|Any CPU.Build.0 = Debug|Any CPU
		{DD17AB12-420F-4EAB-8E39-5BB9520A082F}.Release|Any CPU.ActiveCfg = Release|Any CPU
		{DD17AB12-420F-4EAB-8E39-5BB9520A082F}.Release|Any CPU.Build.0 = Release|Any CPU
	EndGlobalSection
	GlobalSection(SolutionProperties) = preSolution
		HideSolutionNode = FALSE
	EndGlobalSection
	GlobalSection(ExtensibilityGlobals) = postSolution
		SolutionGuid = {DEC594EF-529E-49D1-B195-BC47DAB8213F}
	EndGlobalSection
EndGlobal
